
Microsoft Visual Studio Solution File, Format Version 12.00
# Visual Studio Version 16
VisualStudioVersion = 16.0.31911.196
MinimumVisualStudioVersion = 10.0.40219.1
Project("{9A19103F-16F7-4668-BE54-9A1E7A4F7556}") = "Sets", "Sets\Sets.csproj", "{BDFF332D-8A0C-473A-B429-188564C88A23}"
EndProject
Project("{FAE04EC0-301F-11D3-BF4B-00C04F79EFBC}") = "SetNoModelo", "SetNoModelo\SetNoModelo.csproj", "{BB4B7B23-7C15-441A-8FBF-CD70DA043E4A}"
EndProject
Global
	GlobalSection(SolutionConfigurationPlatforms) = preSolution
		Debug|Any CPU = Debug|Any CPU
		Release|Any CPU = Release|Any CPU
	EndGlobalSection
	GlobalSection(ProjectConfigurationPlatforms) = postSolution
		{BDFF332D-8A0C-473A-B429-188564C88A23}.Debug|Any CPU.ActiveCfg = Debug|Any CPU
		{BDFF332D-8A0C-473A-B429-188564C88A23}.Debug|Any CPU.Build.0 = Debug|Any CPU
		{BDFF332D-8A0C-473A-B429-188564C88A23}.Release|Any CPU.ActiveCfg = Release|Any CPU
		{BDFF332D-8A0C-473A-B429-188564C88A23}.Release|Any CPU.Build.0 = Release|Any CPU
		{BB4B7B23-7C15-441A-8FBF-CD70DA043E4A}.Debug|Any CPU.ActiveCfg = Debug|Any CPU
		{BB4B7B23-7C15-441A-8FBF-CD70DA043E4A}.Debug|Any CPU.Build.0 = Debug|Any CPU
		{BB4B7B23-7C15-441A-8FBF-CD70DA043E4A}.Release|Any CPU.ActiveCfg = Release|Any CPU
		{BB4B7B23-7C15-441A-8FBF-CD70DA043E4A}.Release|Any CPU.Build.0 = Release|Any CPU
	EndGlobalSection
	GlobalSection(SolutionProperties) = preSolution
		HideSolutionNode = FALSE
	EndGlobalSection
	GlobalSection(ExtensibilityGlobals) = postSolution
		SolutionGuid = {DCEBC2BE-6308-470E-9A94-9C9E96DAB020}
	EndGlobalSection
EndGlobal
